# This file is automatically @generated by Cargo.
# It is not intended for manual editing.
version = 3

[[package]]
name = "clickhouse-exmaple"
version = "0.1.0"

[[package]]
name = "redis-example"
version = "0.1.0"

[[package]]
name = "rust-example"
version = "0.1.0"

[[package]]
name = "rust-example-workspace"
version = "0.1.0"

[[package]]
name = "sea-orm-example"
version = "0.1.0"

[[package]]
name = "tokio-example"
version = "0.1.0"
